
Microsoft Visual Studio Solution File, Format Version 12.00
# Visual Studio 2017
Project("{FAE04EC0-301F-11D3-BF4B-00C04F79EFBC}") = "project_bounce.Plugins", "project_bounce.Plugins.csproj", "{25951191-7BC4-4166-6DBA-325C8A00C874}"
EndProject
Project("{FAE04EC0-301F-11D3-BF4B-00C04F79EFBC}") = "project_bounce", "project_bounce.csproj", "{7AD2BA74-E9A2-B905-9EB0-2A3A12FCE1A9}"
EndProject
Project("{FAE04EC0-301F-11D3-BF4B-00C04F79EFBC}") = "project_bounce.Editor.Plugins", "project_bounce.Editor.Plugins.csproj", "{045BCBE2-3510-EC86-7949-B925917CEE52}"
EndProject
Global
	GlobalSection(SolutionConfigurationPlatforms) = preSolution
		Debug|Any CPU = Debug|Any CPU
		Release|Any CPU = Release|Any CPU
	EndGlobalSection
	GlobalSection(ProjectConfigurationPlatforms) = postSolution
		{25951191-7BC4-4166-6DBA-325C8A00C874}.Debug|Any CPU.ActiveCfg = Debug|Any CPU
		{25951191-7BC4-4166-6DBA-325C8A00C874}.Debug|Any CPU.Build.0 = Debug|Any CPU
		{25951191-7BC4-4166-6DBA-325C8A00C874}.Release|Any CPU.ActiveCfg = Release|Any CPU
		{25951191-7BC4-4166-6DBA-325C8A00C874}.Release|Any CPU.Build.0 = Release|Any CPU
		{7AD2BA74-E9A2-B905-9EB0-2A3A12FCE1A9}.Debug|Any CPU.ActiveCfg = Debug|Any CPU
		{7AD2BA74-E9A2-B905-9EB0-2A3A12FCE1A9}.Debug|Any CPU.Build.0 = Debug|Any CPU
		{7AD2BA74-E9A2-B905-9EB0-2A3A12FCE1A9}.Release|Any CPU.ActiveCfg = Release|Any CPU
		{7AD2BA74-E9A2-B905-9EB0-2A3A12FCE1A9}.Release|Any CPU.Build.0 = Release|Any CPU
		{045BCBE2-3510-EC86-7949-B925917CEE52}.Debug|Any CPU.ActiveCfg = Debug|Any CPU
		{045BCBE2-3510-EC86-7949-B925917CEE52}.Debug|Any CPU.Build.0 = Debug|Any CPU
		{045BCBE2-3510-EC86-7949-B925917CEE52}.Release|Any CPU.ActiveCfg = Release|Any CPU
		{045BCBE2-3510-EC86-7949-B925917CEE52}.Release|Any CPU.Build.0 = Release|Any CPU
	EndGlobalSection
	GlobalSection(SolutionProperties) = preSolution
		HideSolutionNode = FALSE
	EndGlobalSection
EndGlobal
